# This file is automatically @generated by Cargo.
# It is not intended for manual editing.
[[package]]
name = "itoa"
version = "0.4.4"
source = "registry+https://github.com/rust-lang/crates.io-index"

[[package]]
name = "protobuf"
version = "2.8.1"
source = "registry+https://github.com/rust-lang/crates.io-index"

[[package]]
name = "protobuf-codegen"
version = "2.8.1"
source = "registry+https://github.com/rust-lang/crates.io-index"
dependencies = [
 "protobuf 2.8.1 (registry+https://github.com/rust-lang/crates.io-index)",
]

[[package]]
name = "protobuf-codegen-pure"
version = "2.8.1"
source = "registry+https://github.com/rust-lang/crates.io-index"
dependencies = [
 "protobuf 2.8.1 (registry+https://github.com/rust-lang/crates.io-index)",
 "protobuf-codegen 2.8.1 (registry+https://github.com/rust-lang/crates.io-index)",
]

[[package]]
name = "ryu"
version = "1.0.0"
source = "registry+https://github.com/rust-lang/crates.io-index"

[[package]]
name = "serde"
version = "1.0.101"
source = "registry+https://github.com/rust-lang/crates.io-index"

[[package]]
name = "serde_json"
version = "1.0.40"
source = "registry+https://github.com/rust-lang/crates.io-index"
dependencies = [
 "itoa 0.4.4 (registry+https://github.com/rust-lang/crates.io-index)",
 "ryu 1.0.0 (registry+https://github.com/rust-lang/crates.io-index)",
 "serde 1.0.101 (registry+https://github.com/rust-lang/crates.io-index)",
]

[[package]]
name = "stork"
version = "0.1.0"
dependencies = [
 "protobuf 2.8.1 (registry+https://github.com/rust-lang/crates.io-index)",
 "protobuf-codegen-pure 2.8.1 (registry+https://github.com/rust-lang/crates.io-index)",
 "serde_json 1.0.40 (registry+https://github.com/rust-lang/crates.io-index)",
]

[metadata]
"checksum itoa 0.4.4 (registry+https://github.com/rust-lang/crates.io-index)" = "501266b7edd0174f8530248f87f99c88fbe60ca4ef3dd486835b8d8d53136f7f"
"checksum protobuf 2.8.1 (registry+https://github.com/rust-lang/crates.io-index)" = "40361836defdd5871ff7e84096c6f6444af7fc157f8ef1789f54f147687caa20"
"checksum protobuf-codegen 2.8.1 (registry+https://github.com/rust-lang/crates.io-index)" = "12c6abd78435445fc86898ebbd0521a68438063d4a73e23527b7134e6bf58b4a"
"checksum protobuf-codegen-pure 2.8.1 (registry+https://github.com/rust-lang/crates.io-index)" = "c1646acda5319f5b28b0bff4a484324df43ddae2c0f5a3f3e63c0b26095cd600"
"checksum ryu 1.0.0 (registry+https://github.com/rust-lang/crates.io-index)" = "c92464b447c0ee8c4fb3824ecc8383b81717b9f1e74ba2e72540aef7b9f82997"
"checksum serde 1.0.101 (registry+https://github.com/rust-lang/crates.io-index)" = "9796c9b7ba2ffe7a9ce53c2287dfc48080f4b2b362fcc245a259b3a7201119dd"
"checksum serde_json 1.0.40 (registry+https://github.com/rust-lang/crates.io-index)" = "051c49229f282f7c6f3813f8286cc1e3323e8051823fce42c7ea80fe13521704"
